
Microsoft Visual Studio Solution File, Format Version 12.00
# Visual Studio 15
VisualStudioVersion = 15.0.28307.136
MinimumVisualStudioVersion = 10.0.40219.1
Project("{FAE04EC0-301F-11D3-BF4B-00C04F79EFBC}") = "LanguageRecognition", "LanguageRecognition\LanguageRecognition.csproj", "{151E69A1-D09E-4C19-8A7F-B8F8D9401E4D}"
EndProject
Project("{FAE04EC0-301F-11D3-BF4B-00C04F79EFBC}") = "LanguageRecognition.Prepare.Tests", "LanguageRecognition.PrepareSamples.Test\LanguageRecognition.Prepare.Tests.csproj", "{D8D93716-0417-4C16-AB96-0EDA46E13762}"
EndProject
Project("{FAE04EC0-301F-11D3-BF4B-00C04F79EFBC}") = "LanguageRecognition.Train.Tests", "LanguageRecognition.Train.Test\LanguageRecognition.Train.Tests.csproj", "{D221F5A3-B3FA-4FAC-86AA-EBCECFDE0D20}"
EndProject
Project("{FAE04EC0-301F-11D3-BF4B-00C04F79EFBC}") = "LanguageRecognition.Recognize.Tests", "LanguageRecognition.Recognize.Test\LanguageRecognition.Recognize.Tests.csproj", "{95F23BB5-F44A-4A6B-8C6E-F292DD9C4D5E}"
EndProject
Project("{FAE04EC0-301F-11D3-BF4B-00C04F79EFBC}") = "LanguageRecognition.Prepare", "LanguageRecognition.PrepareSamples\LanguageRecognition.Prepare.csproj", "{0AE49399-3D8D-4947-A50F-0D2013B44922}"
EndProject
Project("{FAE04EC0-301F-11D3-BF4B-00C04F79EFBC}") = "LanguageRecognition.Recognize", "LanguageRecognition.Recognize\LanguageRecognition.Recognize.csproj", "{9A295FF6-AF13-4113-84E5-2C302085532E}"
EndProject
Project("{FAE04EC0-301F-11D3-BF4B-00C04F79EFBC}") = "LanguageRegognition.Train", "LanguageRegognizion.Train\LanguageRegognition.Train.csproj", "{30D8622A-D32C-4C4F-BA72-4F29D5535194}"
EndProject
Global
	GlobalSection(SolutionConfigurationPlatforms) = preSolution
		Debug|Any CPU = Debug|Any CPU
		Release|Any CPU = Release|Any CPU
	EndGlobalSection
	GlobalSection(ProjectConfigurationPlatforms) = postSolution
		{151E69A1-D09E-4C19-8A7F-B8F8D9401E4D}.Debug|Any CPU.ActiveCfg = Debug|Any CPU
		{151E69A1-D09E-4C19-8A7F-B8F8D9401E4D}.Debug|Any CPU.Build.0 = Debug|Any CPU
		{151E69A1-D09E-4C19-8A7F-B8F8D9401E4D}.Release|Any CPU.ActiveCfg = Release|Any CPU
		{151E69A1-D09E-4C19-8A7F-B8F8D9401E4D}.Release|Any CPU.Build.0 = Release|Any CPU
		{D8D93716-0417-4C16-AB96-0EDA46E13762}.Debug|Any CPU.ActiveCfg = Debug|Any CPU
		{D8D93716-0417-4C16-AB96-0EDA46E13762}.Debug|Any CPU.Build.0 = Debug|Any CPU
		{D8D93716-0417-4C16-AB96-0EDA46E13762}.Release|Any CPU.ActiveCfg = Release|Any CPU
		{D8D93716-0417-4C16-AB96-0EDA46E13762}.Release|Any CPU.Build.0 = Release|Any CPU
		{D221F5A3-B3FA-4FAC-86AA-EBCECFDE0D20}.Debug|Any CPU.ActiveCfg = Debug|Any CPU
		{D221F5A3-B3FA-4FAC-86AA-EBCECFDE0D20}.Debug|Any CPU.Build.0 = Debug|Any CPU
		{D221F5A3-B3FA-4FAC-86AA-EBCECFDE0D20}.Release|Any CPU.ActiveCfg = Release|Any CPU
		{D221F5A3-B3FA-4FAC-86AA-EBCECFDE0D20}.Release|Any CPU.Build.0 = Release|Any CPU
		{95F23BB5-F44A-4A6B-8C6E-F292DD9C4D5E}.Debug|Any CPU.ActiveCfg = Debug|Any CPU
		{95F23BB5-F44A-4A6B-8C6E-F292DD9C4D5E}.Debug|Any CPU.Build.0 = Debug|Any CPU
		{95F23BB5-F44A-4A6B-8C6E-F292DD9C4D5E}.Release|Any CPU.ActiveCfg = Release|Any CPU
		{95F23BB5-F44A-4A6B-8C6E-F292DD9C4D5E}.Release|Any CPU.Build.0 = Release|Any CPU
		{0AE49399-3D8D-4947-A50F-0D2013B44922}.Debug|Any CPU.ActiveCfg = Debug|Any CPU
		{0AE49399-3D8D-4947-A50F-0D2013B44922}.Debug|Any CPU.Build.0 = Debug|Any CPU
		{0AE49399-3D8D-4947-A50F-0D2013B44922}.Release|Any CPU.ActiveCfg = Release|Any CPU
		{0AE49399-3D8D-4947-A50F-0D2013B44922}.Release|Any CPU.Build.0 = Release|Any CPU
		{9A295FF6-AF13-4113-84E5-2C302085532E}.Debug|Any CPU.ActiveCfg = Debug|Any CPU
		{9A295FF6-AF13-4113-84E5-2C302085532E}.Debug|Any CPU.Build.0 = Debug|Any CPU
		{9A295FF6-AF13-4113-84E5-2C302085532E}.Release|Any CPU.ActiveCfg = Release|Any CPU
		{9A295FF6-AF13-4113-84E5-2C302085532E}.Release|Any CPU.Build.0 = Release|Any CPU
		{30D8622A-D32C-4C4F-BA72-4F29D5535194}.Debug|Any CPU.ActiveCfg = Debug|Any CPU
		{30D8622A-D32C-4C4F-BA72-4F29D5535194}.Debug|Any CPU.Build.0 = Debug|Any CPU
		{30D8622A-D32C-4C4F-BA72-4F29D5535194}.Release|Any CPU.ActiveCfg = Release|Any CPU
		{30D8622A-D32C-4C4F-BA72-4F29D5535194}.Release|Any CPU.Build.0 = Release|Any CPU
	EndGlobalSection
	GlobalSection(SolutionProperties) = preSolution
		HideSolutionNode = FALSE
	EndGlobalSection
	GlobalSection(ExtensibilityGlobals) = postSolution
		SolutionGuid = {98397558-A241-49FD-ABA1-5F452AA97D16}
	EndGlobalSection
EndGlobal
